
Microsoft Visual Studio Solution File, Format Version 12.00
# Visual Studio Version 17
VisualStudioVersion = 17.0.31903.59
MinimumVisualStudioVersion = 10.0.40219.1
Project("{2150E333-8FDC-42A3-9474-1A3956D46DE8}") = "src", "src", "{4784313E-9F8D-42DB-AD57-159525120615}"
EndProject
Project("{FAE04EC0-301F-11D3-BF4B-00C04F79EFBC}") = "Application", "src\Application\Application.csproj", "{9D60E6FA-723C-46AD-8837-C80E21F54836}"
EndProject
Project("{FAE04EC0-301F-11D3-BF4B-00C04F79EFBC}") = "Domain", "src\Domain\Domain.csproj", "{90F6E1BD-F839-4F23-91CF-5F759395DC46}"
EndProject
Project("{FAE04EC0-301F-11D3-BF4B-00C04F79EFBC}") = "Infrastructure", "src\Infrastructure\Infrastructure.csproj", "{2D9C06E8-90CB-4F9E-B3F2-9BFCCB497E5F}"
EndProject
Project("{FAE04EC0-301F-11D3-BF4B-00C04F79EFBC}") = "WebAPI", "src\WebAPI\WebAPI.csproj", "{20F2D8CB-B60A-4257-8A90-064FF8D93CA0}"
EndProject
Project("{2150E333-8FDC-42A3-9474-1A3956D46DE8}") = "tests", "tests", "{CB4AFF29-075E-4A5C-ACCE-31C7A6BFD2C6}"
EndProject
Project("{FAE04EC0-301F-11D3-BF4B-00C04F79EFBC}") = "Consolidado.Tests", "tests\Consolidado.Tests\Consolidado.Tests.csproj", "{7D6CC17A-159B-4993-82A3-2538E3099F5A}"
EndProject
Global
	GlobalSection(SolutionConfigurationPlatforms) = preSolution
		Debug|Any CPU = Debug|Any CPU
		Release|Any CPU = Release|Any CPU
	EndGlobalSection
	GlobalSection(SolutionProperties) = preSolution
		HideSolutionNode = FALSE
	EndGlobalSection
	GlobalSection(ProjectConfigurationPlatforms) = postSolution
		{9D60E6FA-723C-46AD-8837-C80E21F54836}.Debug|Any CPU.ActiveCfg = Debug|Any CPU
		{9D60E6FA-723C-46AD-8837-C80E21F54836}.Debug|Any CPU.Build.0 = Debug|Any CPU
		{9D60E6FA-723C-46AD-8837-C80E21F54836}.Release|Any CPU.ActiveCfg = Release|Any CPU
		{9D60E6FA-723C-46AD-8837-C80E21F54836}.Release|Any CPU.Build.0 = Release|Any CPU
		{90F6E1BD-F839-4F23-91CF-5F759395DC46}.Debug|Any CPU.ActiveCfg = Debug|Any CPU
		{90F6E1BD-F839-4F23-91CF-5F759395DC46}.Debug|Any CPU.Build.0 = Debug|Any CPU
		{90F6E1BD-F839-4F23-91CF-5F759395DC46}.Release|Any CPU.ActiveCfg = Release|Any CPU
		{90F6E1BD-F839-4F23-91CF-5F759395DC46}.Release|Any CPU.Build.0 = Release|Any CPU
		{2D9C06E8-90CB-4F9E-B3F2-9BFCCB497E5F}.Debug|Any CPU.ActiveCfg = Debug|Any CPU
		{2D9C06E8-90CB-4F9E-B3F2-9BFCCB497E5F}.Debug|Any CPU.Build.0 = Debug|Any CPU
		{2D9C06E8-90CB-4F9E-B3F2-9BFCCB497E5F}.Release|Any CPU.ActiveCfg = Release|Any CPU
		{2D9C06E8-90CB-4F9E-B3F2-9BFCCB497E5F}.Release|Any CPU.Build.0 = Release|Any CPU
		{20F2D8CB-B60A-4257-8A90-064FF8D93CA0}.Debug|Any CPU.ActiveCfg = Debug|Any CPU
		{20F2D8CB-B60A-4257-8A90-064FF8D93CA0}.Debug|Any CPU.Build.0 = Debug|Any CPU
		{20F2D8CB-B60A-4257-8A90-064FF8D93CA0}.Release|Any CPU.ActiveCfg = Release|Any CPU
		{20F2D8CB-B60A-4257-8A90-064FF8D93CA0}.Release|Any CPU.Build.0 = Release|Any CPU
		{7D6CC17A-159B-4993-82A3-2538E3099F5A}.Debug|Any CPU.ActiveCfg = Debug|Any CPU
		{7D6CC17A-159B-4993-82A3-2538E3099F5A}.Debug|Any CPU.Build.0 = Debug|Any CPU
		{7D6CC17A-159B-4993-82A3-2538E3099F5A}.Release|Any CPU.ActiveCfg = Release|Any CPU
		{7D6CC17A-159B-4993-82A3-2538E3099F5A}.Release|Any CPU.Build.0 = Release|Any CPU
	EndGlobalSection
	GlobalSection(NestedProjects) = preSolution
		{9D60E6FA-723C-46AD-8837-C80E21F54836} = {4784313E-9F8D-42DB-AD57-159525120615}
		{90F6E1BD-F839-4F23-91CF-5F759395DC46} = {4784313E-9F8D-42DB-AD57-159525120615}
		{2D9C06E8-90CB-4F9E-B3F2-9BFCCB497E5F} = {4784313E-9F8D-42DB-AD57-159525120615}
		{20F2D8CB-B60A-4257-8A90-064FF8D93CA0} = {4784313E-9F8D-42DB-AD57-159525120615}
		{7D6CC17A-159B-4993-82A3-2538E3099F5A} = {CB4AFF29-075E-4A5C-ACCE-31C7A6BFD2C6}
	EndGlobalSection
EndGlobal
